
Microsoft Visual Studio Solution File, Format Version 12.00
# Visual Studio Version 17
VisualStudioVersion = 17.0.31903.59
MinimumVisualStudioVersion = 10.0.40219.1
Project("{2150E333-8FDC-42A3-9474-1A3956D46DE8}") = "src", "src", "{A1B2C3D4-E5F6-7890-ABCD-EF1234567890}"
EndProject
Project("{2150E333-8FDC-42A3-9474-1A3956D46DE8}") = "BuildingBlocks", "BuildingBlocks", "{B2C3D4E5-F6A7-8901-BCDE-F12345678901}"
EndProject
Project("{FAE04EC0-301F-11D3-BF4B-00C04F79EFBC}") = "Bedrock.BuildingBlocks.Core", "src\BuildingBlocks\Core\Bedrock.BuildingBlocks.Core.csproj", "{C3D4E5F6-A7B8-9012-CDEF-123456789012}"
EndProject
Project("{FAE04EC0-301F-11D3-BF4B-00C04F79EFBC}") = "Bedrock.BuildingBlocks.Testing", "src\BuildingBlocks\Testing\Bedrock.BuildingBlocks.Testing.csproj", "{D4E5F6A7-B8C9-0123-DEF0-234567890123}"
EndProject
Project("{2150E333-8FDC-42A3-9474-1A3956D46DE8}") = "tests", "tests", "{E5F6A7B8-C9D0-1234-EF01-345678901234}"
EndProject
Project("{2150E333-8FDC-42A3-9474-1A3956D46DE8}") = "UnitTests", "UnitTests", "{F6A7B8C9-D0E1-2345-F012-456789012345}"
EndProject
Project("{2150E333-8FDC-42A3-9474-1A3956D46DE8}") = "BuildingBlocks", "BuildingBlocks", "{A7B8C9D0-E1F2-3456-0123-567890123456}"
EndProject
Project("{FAE04EC0-301F-11D3-BF4B-00C04F79EFBC}") = "Bedrock.UnitTests.BuildingBlocks.Core", "tests\UnitTests\BuildingBlocks\Core\Bedrock.UnitTests.BuildingBlocks.Core.csproj", "{B8C9D0E1-F2A3-4567-1234-678901234567}"
EndProject
Project("{2150E333-8FDC-42A3-9474-1A3956D46DE8}") = "Domain", "Domain", "{BDE2E574-0ABC-C178-DC5A-C61AEC3EABB8}"
EndProject
Project("{FAE04EC0-301F-11D3-BF4B-00C04F79EFBC}") = "Bedrock.BuildingBlocks.Domain", "src\BuildingBlocks\Domain\Bedrock.BuildingBlocks.Domain.csproj", "{BA75650C-3350-402F-8194-C57E29E7D1DD}"
EndProject
Project("{2150E333-8FDC-42A3-9474-1A3956D46DE8}") = "Core", "Core", "{768069A0-C051-BE4D-D7F3-B11082FF3F4D}"
EndProject
Project("{2150E333-8FDC-42A3-9474-1A3956D46DE8}") = "Domain", "Domain", "{0498085C-1BD8-7756-F3FE-22FF612116A4}"
EndProject
Project("{FAE04EC0-301F-11D3-BF4B-00C04F79EFBC}") = "Bedrock.UnitTests.BuildingBlocks.Domain", "tests\UnitTests\BuildingBlocks\Domain\Bedrock.UnitTests.BuildingBlocks.Domain.csproj", "{D33897D7-AB3B-4582-991B-1D45A7ED8186}"
EndProject
Project("{2150E333-8FDC-42A3-9474-1A3956D46DE8}") = "Testing", "Testing", "{40075D11-D467-1B1F-F04D-18D4F1607D2C}"
EndProject
Global
	GlobalSection(SolutionConfigurationPlatforms) = preSolution
		Debug|Any CPU = Debug|Any CPU
		Debug|x64 = Debug|x64
		Debug|x86 = Debug|x86
		Release|Any CPU = Release|Any CPU
		Release|x64 = Release|x64
		Release|x86 = Release|x86
	EndGlobalSection
	GlobalSection(ProjectConfigurationPlatforms) = postSolution
		{C3D4E5F6-A7B8-9012-CDEF-123456789012}.Debug|Any CPU.ActiveCfg = Debug|Any CPU
		{C3D4E5F6-A7B8-9012-CDEF-123456789012}.Debug|Any CPU.Build.0 = Debug|Any CPU
		{C3D4E5F6-A7B8-9012-CDEF-123456789012}.Debug|x64.ActiveCfg = Debug|Any CPU
		{C3D4E5F6-A7B8-9012-CDEF-123456789012}.Debug|x64.Build.0 = Debug|Any CPU
		{C3D4E5F6-A7B8-9012-CDEF-123456789012}.Debug|x86.ActiveCfg = Debug|Any CPU
		{C3D4E5F6-A7B8-9012-CDEF-123456789012}.Debug|x86.Build.0 = Debug|Any CPU
		{C3D4E5F6-A7B8-9012-CDEF-123456789012}.Release|Any CPU.ActiveCfg = Release|Any CPU
		{C3D4E5F6-A7B8-9012-CDEF-123456789012}.Release|Any CPU.Build.0 = Release|Any CPU
		{C3D4E5F6-A7B8-9012-CDEF-123456789012}.Release|x64.ActiveCfg = Release|Any CPU
		{C3D4E5F6-A7B8-9012-CDEF-123456789012}.Release|x64.Build.0 = Release|Any CPU
		{C3D4E5F6-A7B8-9012-CDEF-123456789012}.Release|x86.ActiveCfg = Release|Any CPU
		{C3D4E5F6-A7B8-9012-CDEF-123456789012}.Release|x86.Build.0 = Release|Any CPU
		{D4E5F6A7-B8C9-0123-DEF0-234567890123}.Debug|Any CPU.ActiveCfg = Debug|Any CPU
		{D4E5F6A7-B8C9-0123-DEF0-234567890123}.Debug|Any CPU.Build.0 = Debug|Any CPU
		{D4E5F6A7-B8C9-0123-DEF0-234567890123}.Debug|x64.ActiveCfg = Debug|Any CPU
		{D4E5F6A7-B8C9-0123-DEF0-234567890123}.Debug|x64.Build.0 = Debug|Any CPU
		{D4E5F6A7-B8C9-0123-DEF0-234567890123}.Debug|x86.ActiveCfg = Debug|Any CPU
		{D4E5F6A7-B8C9-0123-DEF0-234567890123}.Debug|x86.Build.0 = Debug|Any CPU
		{D4E5F6A7-B8C9-0123-DEF0-234567890123}.Release|Any CPU.ActiveCfg = Release|Any CPU
		{D4E5F6A7-B8C9-0123-DEF0-234567890123}.Release|Any CPU.Build.0 = Release|Any CPU
		{D4E5F6A7-B8C9-0123-DEF0-234567890123}.Release|x64.ActiveCfg = Release|Any CPU
		{D4E5F6A7-B8C9-0123-DEF0-234567890123}.Release|x64.Build.0 = Release|Any CPU
		{D4E5F6A7-B8C9-0123-DEF0-234567890123}.Release|x86.ActiveCfg = Release|Any CPU
		{D4E5F6A7-B8C9-0123-DEF0-234567890123}.Release|x86.Build.0 = Release|Any CPU
		{B8C9D0E1-F2A3-4567-1234-678901234567}.Debug|Any CPU.ActiveCfg = Debug|Any CPU
		{B8C9D0E1-F2A3-4567-1234-678901234567}.Debug|Any CPU.Build.0 = Debug|Any CPU
		{B8C9D0E1-F2A3-4567-1234-678901234567}.Debug|x64.ActiveCfg = Debug|Any CPU
		{B8C9D0E1-F2A3-4567-1234-678901234567}.Debug|x64.Build.0 = Debug|Any CPU
		{B8C9D0E1-F2A3-4567-1234-678901234567}.Debug|x86.ActiveCfg = Debug|Any CPU
		{B8C9D0E1-F2A3-4567-1234-678901234567}.Debug|x86.Build.0 = Debug|Any CPU
		{B8C9D0E1-F2A3-4567-1234-678901234567}.Release|Any CPU.ActiveCfg = Release|Any CPU
		{B8C9D0E1-F2A3-4567-1234-678901234567}.Release|Any CPU.Build.0 = Release|Any CPU
		{B8C9D0E1-F2A3-4567-1234-678901234567}.Release|x64.ActiveCfg = Release|Any CPU
		{B8C9D0E1-F2A3-4567-1234-678901234567}.Release|x64.Build.0 = Release|Any CPU
		{B8C9D0E1-F2A3-4567-1234-678901234567}.Release|x86.ActiveCfg = Release|Any CPU
		{B8C9D0E1-F2A3-4567-1234-678901234567}.Release|x86.Build.0 = Release|Any CPU
		{BA75650C-3350-402F-8194-C57E29E7D1DD}.Debug|Any CPU.ActiveCfg = Debug|Any CPU
		{BA75650C-3350-402F-8194-C57E29E7D1DD}.Debug|Any CPU.Build.0 = Debug|Any CPU
		{BA75650C-3350-402F-8194-C57E29E7D1DD}.Debug|x64.ActiveCfg = Debug|Any CPU
		{BA75650C-3350-402F-8194-C57E29E7D1DD}.Debug|x64.Build.0 = Debug|Any CPU
		{BA75650C-3350-402F-8194-C57E29E7D1DD}.Debug|x86.ActiveCfg = Debug|Any CPU
		{BA75650C-3350-402F-8194-C57E29E7D1DD}.Debug|x86.Build.0 = Debug|Any CPU
		{BA75650C-3350-402F-8194-C57E29E7D1DD}.Release|Any CPU.ActiveCfg = Release|Any CPU
		{BA75650C-3350-402F-8194-C57E29E7D1DD}.Release|Any CPU.Build.0 = Release|Any CPU
		{BA75650C-3350-402F-8194-C57E29E7D1DD}.Release|x64.ActiveCfg = Release|Any CPU
		{BA75650C-3350-402F-8194-C57E29E7D1DD}.Release|x64.Build.0 = Release|Any CPU
		{BA75650C-3350-402F-8194-C57E29E7D1DD}.Release|x86.ActiveCfg = Release|Any CPU
		{BA75650C-3350-402F-8194-C57E29E7D1DD}.Release|x86.Build.0 = Release|Any CPU
		{D33897D7-AB3B-4582-991B-1D45A7ED8186}.Debug|Any CPU.ActiveCfg = Debug|Any CPU
		{D33897D7-AB3B-4582-991B-1D45A7ED8186}.Debug|Any CPU.Build.0 = Debug|Any CPU
		{D33897D7-AB3B-4582-991B-1D45A7ED8186}.Debug|x64.ActiveCfg = Debug|Any CPU
		{D33897D7-AB3B-4582-991B-1D45A7ED8186}.Debug|x64.Build.0 = Debug|Any CPU
		{D33897D7-AB3B-4582-991B-1D45A7ED8186}.Debug|x86.ActiveCfg = Debug|Any CPU
		{D33897D7-AB3B-4582-991B-1D45A7ED8186}.Debug|x86.Build.0 = Debug|Any CPU
		{D33897D7-AB3B-4582-991B-1D45A7ED8186}.Release|Any CPU.ActiveCfg = Release|Any CPU
		{D33897D7-AB3B-4582-991B-1D45A7ED8186}.Release|Any CPU.Build.0 = Release|Any CPU
		{D33897D7-AB3B-4582-991B-1D45A7ED8186}.Release|x64.ActiveCfg = Release|Any CPU
		{D33897D7-AB3B-4582-991B-1D45A7ED8186}.Release|x64.Build.0 = Release|Any CPU
		{D33897D7-AB3B-4582-991B-1D45A7ED8186}.Release|x86.ActiveCfg = Release|Any CPU
		{D33897D7-AB3B-4582-991B-1D45A7ED8186}.Release|x86.Build.0 = Release|Any CPU
	EndGlobalSection
	GlobalSection(SolutionProperties) = preSolution
		HideSolutionNode = FALSE
	EndGlobalSection
	GlobalSection(NestedProjects) = preSolution
		{B2C3D4E5-F6A7-8901-BCDE-F12345678901} = {A1B2C3D4-E5F6-7890-ABCD-EF1234567890}
		{C3D4E5F6-A7B8-9012-CDEF-123456789012} = {B2C3D4E5-F6A7-8901-BCDE-F12345678901}
		{D4E5F6A7-B8C9-0123-DEF0-234567890123} = {B2C3D4E5-F6A7-8901-BCDE-F12345678901}
		{F6A7B8C9-D0E1-2345-F012-456789012345} = {E5F6A7B8-C9D0-1234-EF01-345678901234}
		{A7B8C9D0-E1F2-3456-0123-567890123456} = {F6A7B8C9-D0E1-2345-F012-456789012345}
		{B8C9D0E1-F2A3-4567-1234-678901234567} = {A7B8C9D0-E1F2-3456-0123-567890123456}
		{BDE2E574-0ABC-C178-DC5A-C61AEC3EABB8} = {B2C3D4E5-F6A7-8901-BCDE-F12345678901}
		{BA75650C-3350-402F-8194-C57E29E7D1DD} = {BDE2E574-0ABC-C178-DC5A-C61AEC3EABB8}
		{768069A0-C051-BE4D-D7F3-B11082FF3F4D} = {B2C3D4E5-F6A7-8901-BCDE-F12345678901}
		{0498085C-1BD8-7756-F3FE-22FF612116A4} = {A7B8C9D0-E1F2-3456-0123-567890123456}
		{D33897D7-AB3B-4582-991B-1D45A7ED8186} = {0498085C-1BD8-7756-F3FE-22FF612116A4}
		{40075D11-D467-1B1F-F04D-18D4F1607D2C} = {B2C3D4E5-F6A7-8901-BCDE-F12345678901}
	EndGlobalSection
EndGlobal
