
Microsoft Visual Studio Solution File, Format Version 12.00
# Visual Studio Version 17
VisualStudioVersion = 17.0.31903.59
MinimumVisualStudioVersion = 10.0.40219.1
Project("{2150E333-8FDC-42A3-9474-1A3956D46DE8}") = "src", "src", "{A1B2C3D4-E5F6-7890-ABCD-EF1234567890}"
EndProject
Project("{2150E333-8FDC-42A3-9474-1A3956D46DE8}") = "BuildingBlocks", "BuildingBlocks", "{B2C3D4E5-F6A7-8901-BCDE-F12345678901}"
EndProject
Project("{2150E333-8FDC-42A3-9474-1A3956D46DE8}") = "tests", "tests", "{E5F6A7B8-C9D0-1234-EF01-345678901234}"
EndProject
Project("{2150E333-8FDC-42A3-9474-1A3956D46DE8}") = "UnitTests", "UnitTests", "{F6A7B8C9-D0E1-2345-F012-456789012345}"
EndProject
Project("{2150E333-8FDC-42A3-9474-1A3956D46DE8}") = "BuildingBlocks", "BuildingBlocks", "{A7B8C9D0-E1F2-3456-0123-567890123456}"
EndProject
Project("{2150E333-8FDC-42A3-9474-1A3956D46DE8}") = "Domain.Entities", "Domain.Entities", "{8D94EAB0-B29F-0D17-6542-F7891F03D8A7}"
EndProject
Project("{FAE04EC0-301F-11D3-BF4B-00C04F79EFBC}") = "Bedrock.BuildingBlocks.Domain.Entities", "src\BuildingBlocks\Domain.Entities\Bedrock.BuildingBlocks.Domain.Entities.csproj", "{D79F4FCA-6C75-4F8A-B333-6DC57449A306}"
EndProject
Project("{2150E333-8FDC-42A3-9474-1A3956D46DE8}") = "Core", "Core", "{768069A0-C051-BE4D-D7F3-B11082FF3F4D}"
EndProject
Project("{2150E333-8FDC-42A3-9474-1A3956D46DE8}") = "Domain.Entities", "Domain.Entities", "{6C6C1D51-6DD5-E19C-BB43-DB8B7B814912}"
EndProject
Project("{FAE04EC0-301F-11D3-BF4B-00C04F79EFBC}") = "Bedrock.UnitTests.BuildingBlocks.Domain.Entities", "tests\UnitTests\BuildingBlocks\Domain.Entities\Bedrock.UnitTests.BuildingBlocks.Domain.Entities.csproj", "{CB634331-B712-4DD7-9F6B-9B8E3C36D8A1}"
EndProject
Project("{2150E333-8FDC-42A3-9474-1A3956D46DE8}") = "Testing", "Testing", "{40075D11-D467-1B1F-F04D-18D4F1607D2C}"
EndProject
Project("{FAE04EC0-301F-11D3-BF4B-00C04F79EFBC}") = "Bedrock.BuildingBlocks.Core", "src\BuildingBlocks\Core\Bedrock.BuildingBlocks.Core.csproj", "{56C03E1E-D0AC-46AC-A463-109EC02B164D}"
EndProject
Project("{FAE04EC0-301F-11D3-BF4B-00C04F79EFBC}") = "Bedrock.BuildingBlocks.Testing", "src\BuildingBlocks\Testing\Bedrock.BuildingBlocks.Testing.csproj", "{E3083373-1D1D-40C9-9A0F-E1175F498209}"
EndProject
Project("{2150E333-8FDC-42A3-9474-1A3956D46DE8}") = "Core", "Core", "{0FF0712A-80BD-09A3-F381-4645439D012E}"
EndProject
Project("{FAE04EC0-301F-11D3-BF4B-00C04F79EFBC}") = "Bedrock.UnitTests.BuildingBlocks.Core", "tests\UnitTests\BuildingBlocks\Core\Bedrock.UnitTests.BuildingBlocks.Core.csproj", "{1D0137EE-A425-44B1-B48B-31FD07C83C31}"
EndProject
Project("{2150E333-8FDC-42A3-9474-1A3956D46DE8}") = "Domain", "Domain", "{BDE2E574-0ABC-C178-DC5A-C61AEC3EABB8}"
EndProject
Project("{FAE04EC0-301F-11D3-BF4B-00C04F79EFBC}") = "Bedrock.BuildingBlocks.Domain", "src\BuildingBlocks\Domain\Bedrock.BuildingBlocks.Domain.csproj", "{388DFBC9-2D22-41AB-A0B1-7069C48B0A0E}"
EndProject
Project("{2150E333-8FDC-42A3-9474-1A3956D46DE8}") = "Domain", "Domain", "{0498085C-1BD8-7756-F3FE-22FF612116A4}"
EndProject
Project("{FAE04EC0-301F-11D3-BF4B-00C04F79EFBC}") = "Bedrock.UnitTests.BuildingBlocks.Domain", "tests\UnitTests\BuildingBlocks\Domain\Bedrock.UnitTests.BuildingBlocks.Domain.csproj", "{2A50D9DE-69D1-4212-BC1E-BCC9FE2DC181}"
EndProject
Project("{2150E333-8FDC-42A3-9474-1A3956D46DE8}") = "Serialization.Abstractions", "Serialization.Abstractions", "{95DDA01E-D4D9-390E-EA9D-42C064AA719B}"
EndProject
Project("{FAE04EC0-301F-11D3-BF4B-00C04F79EFBC}") = "Bedrock.BuildingBlocks.Serialization.Abstractions", "src\BuildingBlocks\Serialization.Abstractions\Bedrock.BuildingBlocks.Serialization.Abstractions.csproj", "{35BD9A26-A3C8-4C9C-A84B-0E05E23CE511}"
EndProject
Project("{2150E333-8FDC-42A3-9474-1A3956D46DE8}") = "Serialization.Json", "Serialization.Json", "{7B95A843-8E7A-3480-BC63-40E540E5C56A}"
EndProject
Project("{FAE04EC0-301F-11D3-BF4B-00C04F79EFBC}") = "Bedrock.BuildingBlocks.Serialization.Json", "src\BuildingBlocks\Serialization.Json\Bedrock.BuildingBlocks.Serialization.Json.csproj", "{F3EB236C-6D19-4679-9982-8474A5B8A203}"
EndProject
Project("{2150E333-8FDC-42A3-9474-1A3956D46DE8}") = "Serialization.Avro", "Serialization.Avro", "{09A7DD93-D32D-BA91-9DCB-C6D6A844F7C6}"
EndProject
Project("{FAE04EC0-301F-11D3-BF4B-00C04F79EFBC}") = "Bedrock.BuildingBlocks.Serialization.Avro", "src\BuildingBlocks\Serialization.Avro\Bedrock.BuildingBlocks.Serialization.Avro.csproj", "{66A03281-FA89-4611-B4EF-A6C3E5255FF4}"
EndProject
Project("{2150E333-8FDC-42A3-9474-1A3956D46DE8}") = "Serialization.Protobuf", "Serialization.Protobuf", "{7F1DECEA-B377-A3FB-D929-6FFDC694A17B}"
EndProject
Project("{FAE04EC0-301F-11D3-BF4B-00C04F79EFBC}") = "Bedrock.BuildingBlocks.Serialization.Protobuf", "src\BuildingBlocks\Serialization.Protobuf\Bedrock.BuildingBlocks.Serialization.Protobuf.csproj", "{BA4E323B-5E40-4200-A895-C39D1638F250}"
EndProject
Project("{2150E333-8FDC-42A3-9474-1A3956D46DE8}") = "Serialization.Parquet", "Serialization.Parquet", "{3B2EFD55-FDE4-1541-D54B-5D80072BA8A2}"
EndProject
Project("{FAE04EC0-301F-11D3-BF4B-00C04F79EFBC}") = "Bedrock.BuildingBlocks.Serialization.Parquet", "src\BuildingBlocks\Serialization.Parquet\Bedrock.BuildingBlocks.Serialization.Parquet.csproj", "{46D7BDC4-01B6-4964-8338-D823F7888CF2}"
EndProject
Project("{2150E333-8FDC-42A3-9474-1A3956D46DE8}") = "Serialization.Abstractions", "Serialization.Abstractions", "{4169D6F2-4BF7-475F-D43C-58AE098936FE}"
EndProject
Project("{FAE04EC0-301F-11D3-BF4B-00C04F79EFBC}") = "Bedrock.UnitTests.BuildingBlocks.Serialization.Abstractions", "tests\UnitTests\BuildingBlocks\Serialization.Abstractions\Bedrock.UnitTests.BuildingBlocks.Serialization.Abstractions.csproj", "{1CFC2436-3DEA-4A8D-89D6-A23127450EDC}"
EndProject
Project("{2150E333-8FDC-42A3-9474-1A3956D46DE8}") = "Serialization.Json", "Serialization.Json", "{0078E1F6-F921-2E12-AA0E-1CE45F230FD2}"
EndProject
Project("{FAE04EC0-301F-11D3-BF4B-00C04F79EFBC}") = "Bedrock.UnitTests.BuildingBlocks.Serialization.Json", "tests\UnitTests\BuildingBlocks\Serialization.Json\Bedrock.UnitTests.BuildingBlocks.Serialization.Json.csproj", "{BF76197F-E5AA-4D93-9618-8D85029C5EAF}"
EndProject
Project("{2150E333-8FDC-42A3-9474-1A3956D46DE8}") = "Serialization.Avro", "Serialization.Avro", "{D8FA9A7E-3E2F-B286-1B5C-0D02D83B1D72}"
EndProject
Project("{FAE04EC0-301F-11D3-BF4B-00C04F79EFBC}") = "Bedrock.UnitTests.BuildingBlocks.Serialization.Avro", "tests\UnitTests\BuildingBlocks\Serialization.Avro\Bedrock.UnitTests.BuildingBlocks.Serialization.Avro.csproj", "{962480E8-4F16-4271-B344-3AFB0CDC1A9D}"
EndProject
Project("{2150E333-8FDC-42A3-9474-1A3956D46DE8}") = "Serialization.Protobuf", "Serialization.Protobuf", "{53C307F2-7D22-15AB-EFAC-2FB3D20D2B23}"
EndProject
Project("{FAE04EC0-301F-11D3-BF4B-00C04F79EFBC}") = "Bedrock.UnitTests.BuildingBlocks.Serialization.Protobuf", "tests\UnitTests\BuildingBlocks\Serialization.Protobuf\Bedrock.UnitTests.BuildingBlocks.Serialization.Protobuf.csproj", "{591D22CF-B530-4260-8237-3BCFABD94BD5}"
EndProject
Project("{2150E333-8FDC-42A3-9474-1A3956D46DE8}") = "Serialization.Parquet", "Serialization.Parquet", "{DF825528-3C29-8C79-C5E5-56F0A99AEF59}"
EndProject
Project("{FAE04EC0-301F-11D3-BF4B-00C04F79EFBC}") = "Bedrock.UnitTests.BuildingBlocks.Serialization.Parquet", "tests\UnitTests\BuildingBlocks\Serialization.Parquet\Bedrock.UnitTests.BuildingBlocks.Serialization.Parquet.csproj", "{6C7D8B22-1B4E-4C59-B0D6-DB0B3C547516}"
EndProject
Project("{2150E333-8FDC-42A3-9474-1A3956D46DE8}") = "Observability", "Observability", "{1E9763A7-D200-66D3-7DE0-D604C99B8A0F}"
EndProject
Project("{FAE04EC0-301F-11D3-BF4B-00C04F79EFBC}") = "Bedrock.BuildingBlocks.Observability", "src\BuildingBlocks\Observability\Bedrock.BuildingBlocks.Observability.csproj", "{5AED8C0A-56B9-49DF-98A8-6C7F2F2EE270}"
EndProject
Project("{2150E333-8FDC-42A3-9474-1A3956D46DE8}") = "Observability", "Observability", "{8AAD5688-74DA-CCBE-4947-823AD4DC4BF5}"
EndProject
Project("{FAE04EC0-301F-11D3-BF4B-00C04F79EFBC}") = "Bedrock.UnitTests.BuildingBlocks.Observability", "tests\UnitTests\BuildingBlocks\Observability\Bedrock.UnitTests.BuildingBlocks.Observability.csproj", "{301F7D49-9848-47CA-ABBA-9A737D37E243}"
EndProject
Project("{2150E333-8FDC-42A3-9474-1A3956D46DE8}") = "Persistence.Abstractions", "Persistence.Abstractions", "{ECD95A43-C9BE-77D4-424E-0507ED99E066}"
EndProject
Project("{FAE04EC0-301F-11D3-BF4B-00C04F79EFBC}") = "Bedrock.BuildingBlocks.Persistence.Abstractions", "src\BuildingBlocks\Persistence.Abstractions\Bedrock.BuildingBlocks.Persistence.Abstractions.csproj", "{F1FD33DF-5EA0-4BBB-85DE-5878053A0859}"
EndProject
Project("{2150E333-8FDC-42A3-9474-1A3956D46DE8}") = "Persistence.Abstractions", "Persistence.Abstractions", "{350112AD-B785-303F-467A-064455742E29}"
EndProject
Project("{FAE04EC0-301F-11D3-BF4B-00C04F79EFBC}") = "Bedrock.UnitTests.BuildingBlocks.Persistence.Abstractions", "tests\UnitTests\BuildingBlocks\Persistence.Abstractions\Bedrock.UnitTests.BuildingBlocks.Persistence.Abstractions.csproj", "{29DF8DC5-1816-4A0D-9001-764CAA4E7D92}"
EndProject
Project("{2150E333-8FDC-42A3-9474-1A3956D46DE8}") = "Persistence.PostgreSql", "Persistence.PostgreSql", "{5F45E354-9C97-8F45-69DE-44EA42241164}"
EndProject
Project("{FAE04EC0-301F-11D3-BF4B-00C04F79EFBC}") = "Bedrock.BuildingBlocks.Persistence.PostgreSql", "src\BuildingBlocks\Persistence.PostgreSql\Bedrock.BuildingBlocks.Persistence.PostgreSql.csproj", "{868E2DE4-8F44-4FDA-9B3F-575F241F5A6D}"
EndProject
Project("{2150E333-8FDC-42A3-9474-1A3956D46DE8}") = "Persistence.PostgreSql", "Persistence.PostgreSql", "{74810A77-650A-F62C-0D44-1543F40AB9A1}"
EndProject
Project("{FAE04EC0-301F-11D3-BF4B-00C04F79EFBC}") = "Bedrock.UnitTests.BuildingBlocks.Persistence.PostgreSql", "tests\UnitTests\BuildingBlocks\Persistence.PostgreSql\Bedrock.UnitTests.BuildingBlocks.Persistence.PostgreSql.csproj", "{54CD9018-10A3-418C-BEFD-B8921949D11D}"
EndProject
Project("{2150E333-8FDC-42A3-9474-1A3956D46DE8}") = "Data", "Data", "{2B0C0EB5-6966-D40B-34A7-1AA5AB90FFC9}"
EndProject
Project("{FAE04EC0-301F-11D3-BF4B-00C04F79EFBC}") = "Bedrock.BuildingBlocks.Data", "src\BuildingBlocks\Data\Bedrock.BuildingBlocks.Data.csproj", "{714CABF2-9BCF-4114-9014-D0083D79D165}"
EndProject
Project("{2150E333-8FDC-42A3-9474-1A3956D46DE8}") = "Data", "Data", "{5D8CA47B-E09A-2C70-7701-1DFA746E0656}"
EndProject
Project("{FAE04EC0-301F-11D3-BF4B-00C04F79EFBC}") = "Bedrock.UnitTests.BuildingBlocks.Data", "tests\UnitTests\BuildingBlocks\Data\Bedrock.UnitTests.BuildingBlocks.Data.csproj", "{05E7AD95-C99A-4463-BF37-14684402B119}"
EndProject
Global
	GlobalSection(SolutionConfigurationPlatforms) = preSolution
		Debug|Any CPU = Debug|Any CPU
		Debug|x64 = Debug|x64
		Debug|x86 = Debug|x86
		Release|Any CPU = Release|Any CPU
		Release|x64 = Release|x64
		Release|x86 = Release|x86
	EndGlobalSection
	GlobalSection(ProjectConfigurationPlatforms) = postSolution
		{D79F4FCA-6C75-4F8A-B333-6DC57449A306}.Debug|Any CPU.ActiveCfg = Debug|Any CPU
		{D79F4FCA-6C75-4F8A-B333-6DC57449A306}.Debug|Any CPU.Build.0 = Debug|Any CPU
		{D79F4FCA-6C75-4F8A-B333-6DC57449A306}.Debug|x64.ActiveCfg = Debug|Any CPU
		{D79F4FCA-6C75-4F8A-B333-6DC57449A306}.Debug|x64.Build.0 = Debug|Any CPU
		{D79F4FCA-6C75-4F8A-B333-6DC57449A306}.Debug|x86.ActiveCfg = Debug|Any CPU
		{D79F4FCA-6C75-4F8A-B333-6DC57449A306}.Debug|x86.Build.0 = Debug|Any CPU
		{D79F4FCA-6C75-4F8A-B333-6DC57449A306}.Release|Any CPU.ActiveCfg = Release|Any CPU
		{D79F4FCA-6C75-4F8A-B333-6DC57449A306}.Release|Any CPU.Build.0 = Release|Any CPU
		{D79F4FCA-6C75-4F8A-B333-6DC57449A306}.Release|x64.ActiveCfg = Release|Any CPU
		{D79F4FCA-6C75-4F8A-B333-6DC57449A306}.Release|x64.Build.0 = Release|Any CPU
		{D79F4FCA-6C75-4F8A-B333-6DC57449A306}.Release|x86.ActiveCfg = Release|Any CPU
		{D79F4FCA-6C75-4F8A-B333-6DC57449A306}.Release|x86.Build.0 = Release|Any CPU
		{CB634331-B712-4DD7-9F6B-9B8E3C36D8A1}.Debug|Any CPU.ActiveCfg = Debug|Any CPU
		{CB634331-B712-4DD7-9F6B-9B8E3C36D8A1}.Debug|Any CPU.Build.0 = Debug|Any CPU
		{CB634331-B712-4DD7-9F6B-9B8E3C36D8A1}.Debug|x64.ActiveCfg = Debug|Any CPU
		{CB634331-B712-4DD7-9F6B-9B8E3C36D8A1}.Debug|x64.Build.0 = Debug|Any CPU
		{CB634331-B712-4DD7-9F6B-9B8E3C36D8A1}.Debug|x86.ActiveCfg = Debug|Any CPU
		{CB634331-B712-4DD7-9F6B-9B8E3C36D8A1}.Debug|x86.Build.0 = Debug|Any CPU
		{CB634331-B712-4DD7-9F6B-9B8E3C36D8A1}.Release|Any CPU.ActiveCfg = Release|Any CPU
		{CB634331-B712-4DD7-9F6B-9B8E3C36D8A1}.Release|Any CPU.Build.0 = Release|Any CPU
		{CB634331-B712-4DD7-9F6B-9B8E3C36D8A1}.Release|x64.ActiveCfg = Release|Any CPU
		{CB634331-B712-4DD7-9F6B-9B8E3C36D8A1}.Release|x64.Build.0 = Release|Any CPU
		{CB634331-B712-4DD7-9F6B-9B8E3C36D8A1}.Release|x86.ActiveCfg = Release|Any CPU
		{CB634331-B712-4DD7-9F6B-9B8E3C36D8A1}.Release|x86.Build.0 = Release|Any CPU
		{56C03E1E-D0AC-46AC-A463-109EC02B164D}.Debug|Any CPU.ActiveCfg = Debug|Any CPU
		{56C03E1E-D0AC-46AC-A463-109EC02B164D}.Debug|Any CPU.Build.0 = Debug|Any CPU
		{56C03E1E-D0AC-46AC-A463-109EC02B164D}.Debug|x64.ActiveCfg = Debug|Any CPU
		{56C03E1E-D0AC-46AC-A463-109EC02B164D}.Debug|x64.Build.0 = Debug|Any CPU
		{56C03E1E-D0AC-46AC-A463-109EC02B164D}.Debug|x86.ActiveCfg = Debug|Any CPU
		{56C03E1E-D0AC-46AC-A463-109EC02B164D}.Debug|x86.Build.0 = Debug|Any CPU
		{56C03E1E-D0AC-46AC-A463-109EC02B164D}.Release|Any CPU.ActiveCfg = Release|Any CPU
		{56C03E1E-D0AC-46AC-A463-109EC02B164D}.Release|Any CPU.Build.0 = Release|Any CPU
		{56C03E1E-D0AC-46AC-A463-109EC02B164D}.Release|x64.ActiveCfg = Release|Any CPU
		{56C03E1E-D0AC-46AC-A463-109EC02B164D}.Release|x64.Build.0 = Release|Any CPU
		{56C03E1E-D0AC-46AC-A463-109EC02B164D}.Release|x86.ActiveCfg = Release|Any CPU
		{56C03E1E-D0AC-46AC-A463-109EC02B164D}.Release|x86.Build.0 = Release|Any CPU
		{E3083373-1D1D-40C9-9A0F-E1175F498209}.Debug|Any CPU.ActiveCfg = Debug|Any CPU
		{E3083373-1D1D-40C9-9A0F-E1175F498209}.Debug|Any CPU.Build.0 = Debug|Any CPU
		{E3083373-1D1D-40C9-9A0F-E1175F498209}.Debug|x64.ActiveCfg = Debug|Any CPU
		{E3083373-1D1D-40C9-9A0F-E1175F498209}.Debug|x64.Build.0 = Debug|Any CPU
		{E3083373-1D1D-40C9-9A0F-E1175F498209}.Debug|x86.ActiveCfg = Debug|Any CPU
		{E3083373-1D1D-40C9-9A0F-E1175F498209}.Debug|x86.Build.0 = Debug|Any CPU
		{E3083373-1D1D-40C9-9A0F-E1175F498209}.Release|Any CPU.ActiveCfg = Release|Any CPU
		{E3083373-1D1D-40C9-9A0F-E1175F498209}.Release|Any CPU.Build.0 = Release|Any CPU
		{E3083373-1D1D-40C9-9A0F-E1175F498209}.Release|x64.ActiveCfg = Release|Any CPU
		{E3083373-1D1D-40C9-9A0F-E1175F498209}.Release|x64.Build.0 = Release|Any CPU
		{E3083373-1D1D-40C9-9A0F-E1175F498209}.Release|x86.ActiveCfg = Release|Any CPU
		{E3083373-1D1D-40C9-9A0F-E1175F498209}.Release|x86.Build.0 = Release|Any CPU
		{1D0137EE-A425-44B1-B48B-31FD07C83C31}.Debug|Any CPU.ActiveCfg = Debug|Any CPU
		{1D0137EE-A425-44B1-B48B-31FD07C83C31}.Debug|Any CPU.Build.0 = Debug|Any CPU
		{1D0137EE-A425-44B1-B48B-31FD07C83C31}.Debug|x64.ActiveCfg = Debug|Any CPU
		{1D0137EE-A425-44B1-B48B-31FD07C83C31}.Debug|x64.Build.0 = Debug|Any CPU
		{1D0137EE-A425-44B1-B48B-31FD07C83C31}.Debug|x86.ActiveCfg = Debug|Any CPU
		{1D0137EE-A425-44B1-B48B-31FD07C83C31}.Debug|x86.Build.0 = Debug|Any CPU
		{1D0137EE-A425-44B1-B48B-31FD07C83C31}.Release|Any CPU.ActiveCfg = Release|Any CPU
		{1D0137EE-A425-44B1-B48B-31FD07C83C31}.Release|Any CPU.Build.0 = Release|Any CPU
		{1D0137EE-A425-44B1-B48B-31FD07C83C31}.Release|x64.ActiveCfg = Release|Any CPU
		{1D0137EE-A425-44B1-B48B-31FD07C83C31}.Release|x64.Build.0 = Release|Any CPU
		{1D0137EE-A425-44B1-B48B-31FD07C83C31}.Release|x86.ActiveCfg = Release|Any CPU
		{1D0137EE-A425-44B1-B48B-31FD07C83C31}.Release|x86.Build.0 = Release|Any CPU
		{388DFBC9-2D22-41AB-A0B1-7069C48B0A0E}.Debug|Any CPU.ActiveCfg = Debug|Any CPU
		{388DFBC9-2D22-41AB-A0B1-7069C48B0A0E}.Debug|Any CPU.Build.0 = Debug|Any CPU
		{388DFBC9-2D22-41AB-A0B1-7069C48B0A0E}.Debug|x64.ActiveCfg = Debug|Any CPU
		{388DFBC9-2D22-41AB-A0B1-7069C48B0A0E}.Debug|x64.Build.0 = Debug|Any CPU
		{388DFBC9-2D22-41AB-A0B1-7069C48B0A0E}.Debug|x86.ActiveCfg = Debug|Any CPU
		{388DFBC9-2D22-41AB-A0B1-7069C48B0A0E}.Debug|x86.Build.0 = Debug|Any CPU
		{388DFBC9-2D22-41AB-A0B1-7069C48B0A0E}.Release|Any CPU.ActiveCfg = Release|Any CPU
		{388DFBC9-2D22-41AB-A0B1-7069C48B0A0E}.Release|Any CPU.Build.0 = Release|Any CPU
		{388DFBC9-2D22-41AB-A0B1-7069C48B0A0E}.Release|x64.ActiveCfg = Release|Any CPU
		{388DFBC9-2D22-41AB-A0B1-7069C48B0A0E}.Release|x64.Build.0 = Release|Any CPU
		{388DFBC9-2D22-41AB-A0B1-7069C48B0A0E}.Release|x86.ActiveCfg = Release|Any CPU
		{388DFBC9-2D22-41AB-A0B1-7069C48B0A0E}.Release|x86.Build.0 = Release|Any CPU
		{2A50D9DE-69D1-4212-BC1E-BCC9FE2DC181}.Debug|Any CPU.ActiveCfg = Debug|Any CPU
		{2A50D9DE-69D1-4212-BC1E-BCC9FE2DC181}.Debug|Any CPU.Build.0 = Debug|Any CPU
		{2A50D9DE-69D1-4212-BC1E-BCC9FE2DC181}.Debug|x64.ActiveCfg = Debug|Any CPU
		{2A50D9DE-69D1-4212-BC1E-BCC9FE2DC181}.Debug|x64.Build.0 = Debug|Any CPU
		{2A50D9DE-69D1-4212-BC1E-BCC9FE2DC181}.Debug|x86.ActiveCfg = Debug|Any CPU
		{2A50D9DE-69D1-4212-BC1E-BCC9FE2DC181}.Debug|x86.Build.0 = Debug|Any CPU
		{2A50D9DE-69D1-4212-BC1E-BCC9FE2DC181}.Release|Any CPU.ActiveCfg = Release|Any CPU
		{2A50D9DE-69D1-4212-BC1E-BCC9FE2DC181}.Release|Any CPU.Build.0 = Release|Any CPU
		{2A50D9DE-69D1-4212-BC1E-BCC9FE2DC181}.Release|x64.ActiveCfg = Release|Any CPU
		{2A50D9DE-69D1-4212-BC1E-BCC9FE2DC181}.Release|x64.Build.0 = Release|Any CPU
		{2A50D9DE-69D1-4212-BC1E-BCC9FE2DC181}.Release|x86.ActiveCfg = Release|Any CPU
		{2A50D9DE-69D1-4212-BC1E-BCC9FE2DC181}.Release|x86.Build.0 = Release|Any CPU
		{35BD9A26-A3C8-4C9C-A84B-0E05E23CE511}.Debug|Any CPU.ActiveCfg = Debug|Any CPU
		{35BD9A26-A3C8-4C9C-A84B-0E05E23CE511}.Debug|Any CPU.Build.0 = Debug|Any CPU
		{35BD9A26-A3C8-4C9C-A84B-0E05E23CE511}.Debug|x64.ActiveCfg = Debug|Any CPU
		{35BD9A26-A3C8-4C9C-A84B-0E05E23CE511}.Debug|x64.Build.0 = Debug|Any CPU
		{35BD9A26-A3C8-4C9C-A84B-0E05E23CE511}.Debug|x86.ActiveCfg = Debug|Any CPU
		{35BD9A26-A3C8-4C9C-A84B-0E05E23CE511}.Debug|x86.Build.0 = Debug|Any CPU
		{35BD9A26-A3C8-4C9C-A84B-0E05E23CE511}.Release|Any CPU.ActiveCfg = Release|Any CPU
		{35BD9A26-A3C8-4C9C-A84B-0E05E23CE511}.Release|Any CPU.Build.0 = Release|Any CPU
		{35BD9A26-A3C8-4C9C-A84B-0E05E23CE511}.Release|x64.ActiveCfg = Release|Any CPU
		{35BD9A26-A3C8-4C9C-A84B-0E05E23CE511}.Release|x64.Build.0 = Release|Any CPU
		{35BD9A26-A3C8-4C9C-A84B-0E05E23CE511}.Release|x86.ActiveCfg = Release|Any CPU
		{35BD9A26-A3C8-4C9C-A84B-0E05E23CE511}.Release|x86.Build.0 = Release|Any CPU
		{F3EB236C-6D19-4679-9982-8474A5B8A203}.Debug|Any CPU.ActiveCfg = Debug|Any CPU
		{F3EB236C-6D19-4679-9982-8474A5B8A203}.Debug|Any CPU.Build.0 = Debug|Any CPU
		{F3EB236C-6D19-4679-9982-8474A5B8A203}.Debug|x64.ActiveCfg = Debug|Any CPU
		{F3EB236C-6D19-4679-9982-8474A5B8A203}.Debug|x64.Build.0 = Debug|Any CPU
		{F3EB236C-6D19-4679-9982-8474A5B8A203}.Debug|x86.ActiveCfg = Debug|Any CPU
		{F3EB236C-6D19-4679-9982-8474A5B8A203}.Debug|x86.Build.0 = Debug|Any CPU
		{F3EB236C-6D19-4679-9982-8474A5B8A203}.Release|Any CPU.ActiveCfg = Release|Any CPU
		{F3EB236C-6D19-4679-9982-8474A5B8A203}.Release|Any CPU.Build.0 = Release|Any CPU
		{F3EB236C-6D19-4679-9982-8474A5B8A203}.Release|x64.ActiveCfg = Release|Any CPU
		{F3EB236C-6D19-4679-9982-8474A5B8A203}.Release|x64.Build.0 = Release|Any CPU
		{F3EB236C-6D19-4679-9982-8474A5B8A203}.Release|x86.ActiveCfg = Release|Any CPU
		{F3EB236C-6D19-4679-9982-8474A5B8A203}.Release|x86.Build.0 = Release|Any CPU
		{66A03281-FA89-4611-B4EF-A6C3E5255FF4}.Debug|Any CPU.ActiveCfg = Debug|Any CPU
		{66A03281-FA89-4611-B4EF-A6C3E5255FF4}.Debug|Any CPU.Build.0 = Debug|Any CPU
		{66A03281-FA89-4611-B4EF-A6C3E5255FF4}.Debug|x64.ActiveCfg = Debug|Any CPU
		{66A03281-FA89-4611-B4EF-A6C3E5255FF4}.Debug|x64.Build.0 = Debug|Any CPU
		{66A03281-FA89-4611-B4EF-A6C3E5255FF4}.Debug|x86.ActiveCfg = Debug|Any CPU
		{66A03281-FA89-4611-B4EF-A6C3E5255FF4}.Debug|x86.Build.0 = Debug|Any CPU
		{66A03281-FA89-4611-B4EF-A6C3E5255FF4}.Release|Any CPU.ActiveCfg = Release|Any CPU
		{66A03281-FA89-4611-B4EF-A6C3E5255FF4}.Release|Any CPU.Build.0 = Release|Any CPU
		{66A03281-FA89-4611-B4EF-A6C3E5255FF4}.Release|x64.ActiveCfg = Release|Any CPU
		{66A03281-FA89-4611-B4EF-A6C3E5255FF4}.Release|x64.Build.0 = Release|Any CPU
		{66A03281-FA89-4611-B4EF-A6C3E5255FF4}.Release|x86.ActiveCfg = Release|Any CPU
		{66A03281-FA89-4611-B4EF-A6C3E5255FF4}.Release|x86.Build.0 = Release|Any CPU
		{BA4E323B-5E40-4200-A895-C39D1638F250}.Debug|Any CPU.ActiveCfg = Debug|Any CPU
		{BA4E323B-5E40-4200-A895-C39D1638F250}.Debug|Any CPU.Build.0 = Debug|Any CPU
		{BA4E323B-5E40-4200-A895-C39D1638F250}.Debug|x64.ActiveCfg = Debug|Any CPU
		{BA4E323B-5E40-4200-A895-C39D1638F250}.Debug|x64.Build.0 = Debug|Any CPU
		{BA4E323B-5E40-4200-A895-C39D1638F250}.Debug|x86.ActiveCfg = Debug|Any CPU
		{BA4E323B-5E40-4200-A895-C39D1638F250}.Debug|x86.Build.0 = Debug|Any CPU
		{BA4E323B-5E40-4200-A895-C39D1638F250}.Release|Any CPU.ActiveCfg = Release|Any CPU
		{BA4E323B-5E40-4200-A895-C39D1638F250}.Release|Any CPU.Build.0 = Release|Any CPU
		{BA4E323B-5E40-4200-A895-C39D1638F250}.Release|x64.ActiveCfg = Release|Any CPU
		{BA4E323B-5E40-4200-A895-C39D1638F250}.Release|x64.Build.0 = Release|Any CPU
		{BA4E323B-5E40-4200-A895-C39D1638F250}.Release|x86.ActiveCfg = Release|Any CPU
		{BA4E323B-5E40-4200-A895-C39D1638F250}.Release|x86.Build.0 = Release|Any CPU
		{46D7BDC4-01B6-4964-8338-D823F7888CF2}.Debug|Any CPU.ActiveCfg = Debug|Any CPU
		{46D7BDC4-01B6-4964-8338-D823F7888CF2}.Debug|Any CPU.Build.0 = Debug|Any CPU
		{46D7BDC4-01B6-4964-8338-D823F7888CF2}.Debug|x64.ActiveCfg = Debug|Any CPU
		{46D7BDC4-01B6-4964-8338-D823F7888CF2}.Debug|x64.Build.0 = Debug|Any CPU
		{46D7BDC4-01B6-4964-8338-D823F7888CF2}.Debug|x86.ActiveCfg = Debug|Any CPU
		{46D7BDC4-01B6-4964-8338-D823F7888CF2}.Debug|x86.Build.0 = Debug|Any CPU
		{46D7BDC4-01B6-4964-8338-D823F7888CF2}.Release|Any CPU.ActiveCfg = Release|Any CPU
		{46D7BDC4-01B6-4964-8338-D823F7888CF2}.Release|Any CPU.Build.0 = Release|Any CPU
		{46D7BDC4-01B6-4964-8338-D823F7888CF2}.Release|x64.ActiveCfg = Release|Any CPU
		{46D7BDC4-01B6-4964-8338-D823F7888CF2}.Release|x64.Build.0 = Release|Any CPU
		{46D7BDC4-01B6-4964-8338-D823F7888CF2}.Release|x86.ActiveCfg = Release|Any CPU
		{46D7BDC4-01B6-4964-8338-D823F7888CF2}.Release|x86.Build.0 = Release|Any CPU
		{1CFC2436-3DEA-4A8D-89D6-A23127450EDC}.Debug|Any CPU.ActiveCfg = Debug|Any CPU
		{1CFC2436-3DEA-4A8D-89D6-A23127450EDC}.Debug|Any CPU.Build.0 = Debug|Any CPU
		{1CFC2436-3DEA-4A8D-89D6-A23127450EDC}.Debug|x64.ActiveCfg = Debug|Any CPU
		{1CFC2436-3DEA-4A8D-89D6-A23127450EDC}.Debug|x64.Build.0 = Debug|Any CPU
		{1CFC2436-3DEA-4A8D-89D6-A23127450EDC}.Debug|x86.ActiveCfg = Debug|Any CPU
		{1CFC2436-3DEA-4A8D-89D6-A23127450EDC}.Debug|x86.Build.0 = Debug|Any CPU
		{1CFC2436-3DEA-4A8D-89D6-A23127450EDC}.Release|Any CPU.ActiveCfg = Release|Any CPU
		{1CFC2436-3DEA-4A8D-89D6-A23127450EDC}.Release|Any CPU.Build.0 = Release|Any CPU
		{1CFC2436-3DEA-4A8D-89D6-A23127450EDC}.Release|x64.ActiveCfg = Release|Any CPU
		{1CFC2436-3DEA-4A8D-89D6-A23127450EDC}.Release|x64.Build.0 = Release|Any CPU
		{1CFC2436-3DEA-4A8D-89D6-A23127450EDC}.Release|x86.ActiveCfg = Release|Any CPU
		{1CFC2436-3DEA-4A8D-89D6-A23127450EDC}.Release|x86.Build.0 = Release|Any CPU
		{BF76197F-E5AA-4D93-9618-8D85029C5EAF}.Debug|Any CPU.ActiveCfg = Debug|Any CPU
		{BF76197F-E5AA-4D93-9618-8D85029C5EAF}.Debug|Any CPU.Build.0 = Debug|Any CPU
		{BF76197F-E5AA-4D93-9618-8D85029C5EAF}.Debug|x64.ActiveCfg = Debug|Any CPU
		{BF76197F-E5AA-4D93-9618-8D85029C5EAF}.Debug|x64.Build.0 = Debug|Any CPU
		{BF76197F-E5AA-4D93-9618-8D85029C5EAF}.Debug|x86.ActiveCfg = Debug|Any CPU
		{BF76197F-E5AA-4D93-9618-8D85029C5EAF}.Debug|x86.Build.0 = Debug|Any CPU
		{BF76197F-E5AA-4D93-9618-8D85029C5EAF}.Release|Any CPU.ActiveCfg = Release|Any CPU
		{BF76197F-E5AA-4D93-9618-8D85029C5EAF}.Release|Any CPU.Build.0 = Release|Any CPU
		{BF76197F-E5AA-4D93-9618-8D85029C5EAF}.Release|x64.ActiveCfg = Release|Any CPU
		{BF76197F-E5AA-4D93-9618-8D85029C5EAF}.Release|x64.Build.0 = Release|Any CPU
		{BF76197F-E5AA-4D93-9618-8D85029C5EAF}.Release|x86.ActiveCfg = Release|Any CPU
		{BF76197F-E5AA-4D93-9618-8D85029C5EAF}.Release|x86.Build.0 = Release|Any CPU
		{962480E8-4F16-4271-B344-3AFB0CDC1A9D}.Debug|Any CPU.ActiveCfg = Debug|Any CPU
		{962480E8-4F16-4271-B344-3AFB0CDC1A9D}.Debug|Any CPU.Build.0 = Debug|Any CPU
		{962480E8-4F16-4271-B344-3AFB0CDC1A9D}.Debug|x64.ActiveCfg = Debug|Any CPU
		{962480E8-4F16-4271-B344-3AFB0CDC1A9D}.Debug|x64.Build.0 = Debug|Any CPU
		{962480E8-4F16-4271-B344-3AFB0CDC1A9D}.Debug|x86.ActiveCfg = Debug|Any CPU
		{962480E8-4F16-4271-B344-3AFB0CDC1A9D}.Debug|x86.Build.0 = Debug|Any CPU
		{962480E8-4F16-4271-B344-3AFB0CDC1A9D}.Release|Any CPU.ActiveCfg = Release|Any CPU
		{962480E8-4F16-4271-B344-3AFB0CDC1A9D}.Release|Any CPU.Build.0 = Release|Any CPU
		{962480E8-4F16-4271-B344-3AFB0CDC1A9D}.Release|x64.ActiveCfg = Release|Any CPU
		{962480E8-4F16-4271-B344-3AFB0CDC1A9D}.Release|x64.Build.0 = Release|Any CPU
		{962480E8-4F16-4271-B344-3AFB0CDC1A9D}.Release|x86.ActiveCfg = Release|Any CPU
		{962480E8-4F16-4271-B344-3AFB0CDC1A9D}.Release|x86.Build.0 = Release|Any CPU
		{591D22CF-B530-4260-8237-3BCFABD94BD5}.Debug|Any CPU.ActiveCfg = Debug|Any CPU
		{591D22CF-B530-4260-8237-3BCFABD94BD5}.Debug|Any CPU.Build.0 = Debug|Any CPU
		{591D22CF-B530-4260-8237-3BCFABD94BD5}.Debug|x64.ActiveCfg = Debug|Any CPU
		{591D22CF-B530-4260-8237-3BCFABD94BD5}.Debug|x64.Build.0 = Debug|Any CPU
		{591D22CF-B530-4260-8237-3BCFABD94BD5}.Debug|x86.ActiveCfg = Debug|Any CPU
		{591D22CF-B530-4260-8237-3BCFABD94BD5}.Debug|x86.Build.0 = Debug|Any CPU
		{591D22CF-B530-4260-8237-3BCFABD94BD5}.Release|Any CPU.ActiveCfg = Release|Any CPU
		{591D22CF-B530-4260-8237-3BCFABD94BD5}.Release|Any CPU.Build.0 = Release|Any CPU
		{591D22CF-B530-4260-8237-3BCFABD94BD5}.Release|x64.ActiveCfg = Release|Any CPU
		{591D22CF-B530-4260-8237-3BCFABD94BD5}.Release|x64.Build.0 = Release|Any CPU
		{591D22CF-B530-4260-8237-3BCFABD94BD5}.Release|x86.ActiveCfg = Release|Any CPU
		{591D22CF-B530-4260-8237-3BCFABD94BD5}.Release|x86.Build.0 = Release|Any CPU
		{6C7D8B22-1B4E-4C59-B0D6-DB0B3C547516}.Debug|Any CPU.ActiveCfg = Debug|Any CPU
		{6C7D8B22-1B4E-4C59-B0D6-DB0B3C547516}.Debug|Any CPU.Build.0 = Debug|Any CPU
		{6C7D8B22-1B4E-4C59-B0D6-DB0B3C547516}.Debug|x64.ActiveCfg = Debug|Any CPU
		{6C7D8B22-1B4E-4C59-B0D6-DB0B3C547516}.Debug|x64.Build.0 = Debug|Any CPU
		{6C7D8B22-1B4E-4C59-B0D6-DB0B3C547516}.Debug|x86.ActiveCfg = Debug|Any CPU
		{6C7D8B22-1B4E-4C59-B0D6-DB0B3C547516}.Debug|x86.Build.0 = Debug|Any CPU
		{6C7D8B22-1B4E-4C59-B0D6-DB0B3C547516}.Release|Any CPU.ActiveCfg = Release|Any CPU
		{6C7D8B22-1B4E-4C59-B0D6-DB0B3C547516}.Release|Any CPU.Build.0 = Release|Any CPU
		{6C7D8B22-1B4E-4C59-B0D6-DB0B3C547516}.Release|x64.ActiveCfg = Release|Any CPU
		{6C7D8B22-1B4E-4C59-B0D6-DB0B3C547516}.Release|x64.Build.0 = Release|Any CPU
		{6C7D8B22-1B4E-4C59-B0D6-DB0B3C547516}.Release|x86.ActiveCfg = Release|Any CPU
		{6C7D8B22-1B4E-4C59-B0D6-DB0B3C547516}.Release|x86.Build.0 = Release|Any CPU
		{5AED8C0A-56B9-49DF-98A8-6C7F2F2EE270}.Debug|Any CPU.ActiveCfg = Debug|Any CPU
		{5AED8C0A-56B9-49DF-98A8-6C7F2F2EE270}.Debug|Any CPU.Build.0 = Debug|Any CPU
		{5AED8C0A-56B9-49DF-98A8-6C7F2F2EE270}.Debug|x64.ActiveCfg = Debug|Any CPU
		{5AED8C0A-56B9-49DF-98A8-6C7F2F2EE270}.Debug|x64.Build.0 = Debug|Any CPU
		{5AED8C0A-56B9-49DF-98A8-6C7F2F2EE270}.Debug|x86.ActiveCfg = Debug|Any CPU
		{5AED8C0A-56B9-49DF-98A8-6C7F2F2EE270}.Debug|x86.Build.0 = Debug|Any CPU
		{5AED8C0A-56B9-49DF-98A8-6C7F2F2EE270}.Release|Any CPU.ActiveCfg = Release|Any CPU
		{5AED8C0A-56B9-49DF-98A8-6C7F2F2EE270}.Release|Any CPU.Build.0 = Release|Any CPU
		{5AED8C0A-56B9-49DF-98A8-6C7F2F2EE270}.Release|x64.ActiveCfg = Release|Any CPU
		{5AED8C0A-56B9-49DF-98A8-6C7F2F2EE270}.Release|x64.Build.0 = Release|Any CPU
		{5AED8C0A-56B9-49DF-98A8-6C7F2F2EE270}.Release|x86.ActiveCfg = Release|Any CPU
		{5AED8C0A-56B9-49DF-98A8-6C7F2F2EE270}.Release|x86.Build.0 = Release|Any CPU
		{301F7D49-9848-47CA-ABBA-9A737D37E243}.Debug|Any CPU.ActiveCfg = Debug|Any CPU
		{301F7D49-9848-47CA-ABBA-9A737D37E243}.Debug|Any CPU.Build.0 = Debug|Any CPU
		{301F7D49-9848-47CA-ABBA-9A737D37E243}.Debug|x64.ActiveCfg = Debug|Any CPU
		{301F7D49-9848-47CA-ABBA-9A737D37E243}.Debug|x64.Build.0 = Debug|Any CPU
		{301F7D49-9848-47CA-ABBA-9A737D37E243}.Debug|x86.ActiveCfg = Debug|Any CPU
		{301F7D49-9848-47CA-ABBA-9A737D37E243}.Debug|x86.Build.0 = Debug|Any CPU
		{301F7D49-9848-47CA-ABBA-9A737D37E243}.Release|Any CPU.ActiveCfg = Release|Any CPU
		{301F7D49-9848-47CA-ABBA-9A737D37E243}.Release|Any CPU.Build.0 = Release|Any CPU
		{301F7D49-9848-47CA-ABBA-9A737D37E243}.Release|x64.ActiveCfg = Release|Any CPU
		{301F7D49-9848-47CA-ABBA-9A737D37E243}.Release|x64.Build.0 = Release|Any CPU
		{301F7D49-9848-47CA-ABBA-9A737D37E243}.Release|x86.ActiveCfg = Release|Any CPU
		{301F7D49-9848-47CA-ABBA-9A737D37E243}.Release|x86.Build.0 = Release|Any CPU
		{F1FD33DF-5EA0-4BBB-85DE-5878053A0859}.Debug|Any CPU.ActiveCfg = Debug|Any CPU
		{F1FD33DF-5EA0-4BBB-85DE-5878053A0859}.Debug|Any CPU.Build.0 = Debug|Any CPU
		{F1FD33DF-5EA0-4BBB-85DE-5878053A0859}.Debug|x64.ActiveCfg = Debug|Any CPU
		{F1FD33DF-5EA0-4BBB-85DE-5878053A0859}.Debug|x64.Build.0 = Debug|Any CPU
		{F1FD33DF-5EA0-4BBB-85DE-5878053A0859}.Debug|x86.ActiveCfg = Debug|Any CPU
		{F1FD33DF-5EA0-4BBB-85DE-5878053A0859}.Debug|x86.Build.0 = Debug|Any CPU
		{F1FD33DF-5EA0-4BBB-85DE-5878053A0859}.Release|Any CPU.ActiveCfg = Release|Any CPU
		{F1FD33DF-5EA0-4BBB-85DE-5878053A0859}.Release|Any CPU.Build.0 = Release|Any CPU
		{F1FD33DF-5EA0-4BBB-85DE-5878053A0859}.Release|x64.ActiveCfg = Release|Any CPU
		{F1FD33DF-5EA0-4BBB-85DE-5878053A0859}.Release|x64.Build.0 = Release|Any CPU
		{F1FD33DF-5EA0-4BBB-85DE-5878053A0859}.Release|x86.ActiveCfg = Release|Any CPU
		{F1FD33DF-5EA0-4BBB-85DE-5878053A0859}.Release|x86.Build.0 = Release|Any CPU
		{29DF8DC5-1816-4A0D-9001-764CAA4E7D92}.Debug|Any CPU.ActiveCfg = Debug|Any CPU
		{29DF8DC5-1816-4A0D-9001-764CAA4E7D92}.Debug|Any CPU.Build.0 = Debug|Any CPU
		{29DF8DC5-1816-4A0D-9001-764CAA4E7D92}.Debug|x64.ActiveCfg = Debug|Any CPU
		{29DF8DC5-1816-4A0D-9001-764CAA4E7D92}.Debug|x64.Build.0 = Debug|Any CPU
		{29DF8DC5-1816-4A0D-9001-764CAA4E7D92}.Debug|x86.ActiveCfg = Debug|Any CPU
		{29DF8DC5-1816-4A0D-9001-764CAA4E7D92}.Debug|x86.Build.0 = Debug|Any CPU
		{29DF8DC5-1816-4A0D-9001-764CAA4E7D92}.Release|Any CPU.ActiveCfg = Release|Any CPU
		{29DF8DC5-1816-4A0D-9001-764CAA4E7D92}.Release|Any CPU.Build.0 = Release|Any CPU
		{29DF8DC5-1816-4A0D-9001-764CAA4E7D92}.Release|x64.ActiveCfg = Release|Any CPU
		{29DF8DC5-1816-4A0D-9001-764CAA4E7D92}.Release|x64.Build.0 = Release|Any CPU
		{29DF8DC5-1816-4A0D-9001-764CAA4E7D92}.Release|x86.ActiveCfg = Release|Any CPU
		{29DF8DC5-1816-4A0D-9001-764CAA4E7D92}.Release|x86.Build.0 = Release|Any CPU
		{868E2DE4-8F44-4FDA-9B3F-575F241F5A6D}.Debug|Any CPU.ActiveCfg = Debug|Any CPU
		{868E2DE4-8F44-4FDA-9B3F-575F241F5A6D}.Debug|Any CPU.Build.0 = Debug|Any CPU
		{868E2DE4-8F44-4FDA-9B3F-575F241F5A6D}.Debug|x64.ActiveCfg = Debug|Any CPU
		{868E2DE4-8F44-4FDA-9B3F-575F241F5A6D}.Debug|x64.Build.0 = Debug|Any CPU
		{868E2DE4-8F44-4FDA-9B3F-575F241F5A6D}.Debug|x86.ActiveCfg = Debug|Any CPU
		{868E2DE4-8F44-4FDA-9B3F-575F241F5A6D}.Debug|x86.Build.0 = Debug|Any CPU
		{868E2DE4-8F44-4FDA-9B3F-575F241F5A6D}.Release|Any CPU.ActiveCfg = Release|Any CPU
		{868E2DE4-8F44-4FDA-9B3F-575F241F5A6D}.Release|Any CPU.Build.0 = Release|Any CPU
		{868E2DE4-8F44-4FDA-9B3F-575F241F5A6D}.Release|x64.ActiveCfg = Release|Any CPU
		{868E2DE4-8F44-4FDA-9B3F-575F241F5A6D}.Release|x64.Build.0 = Release|Any CPU
		{868E2DE4-8F44-4FDA-9B3F-575F241F5A6D}.Release|x86.ActiveCfg = Release|Any CPU
		{868E2DE4-8F44-4FDA-9B3F-575F241F5A6D}.Release|x86.Build.0 = Release|Any CPU
		{54CD9018-10A3-418C-BEFD-B8921949D11D}.Debug|Any CPU.ActiveCfg = Debug|Any CPU
		{54CD9018-10A3-418C-BEFD-B8921949D11D}.Debug|Any CPU.Build.0 = Debug|Any CPU
		{54CD9018-10A3-418C-BEFD-B8921949D11D}.Debug|x64.ActiveCfg = Debug|Any CPU
		{54CD9018-10A3-418C-BEFD-B8921949D11D}.Debug|x64.Build.0 = Debug|Any CPU
		{54CD9018-10A3-418C-BEFD-B8921949D11D}.Debug|x86.ActiveCfg = Debug|Any CPU
		{54CD9018-10A3-418C-BEFD-B8921949D11D}.Debug|x86.Build.0 = Debug|Any CPU
		{54CD9018-10A3-418C-BEFD-B8921949D11D}.Release|Any CPU.ActiveCfg = Release|Any CPU
		{54CD9018-10A3-418C-BEFD-B8921949D11D}.Release|Any CPU.Build.0 = Release|Any CPU
		{54CD9018-10A3-418C-BEFD-B8921949D11D}.Release|x64.ActiveCfg = Release|Any CPU
		{54CD9018-10A3-418C-BEFD-B8921949D11D}.Release|x64.Build.0 = Release|Any CPU
		{54CD9018-10A3-418C-BEFD-B8921949D11D}.Release|x86.ActiveCfg = Release|Any CPU
		{54CD9018-10A3-418C-BEFD-B8921949D11D}.Release|x86.Build.0 = Release|Any CPU
		{714CABF2-9BCF-4114-9014-D0083D79D165}.Debug|Any CPU.ActiveCfg = Debug|Any CPU
		{714CABF2-9BCF-4114-9014-D0083D79D165}.Debug|Any CPU.Build.0 = Debug|Any CPU
		{714CABF2-9BCF-4114-9014-D0083D79D165}.Debug|x64.ActiveCfg = Debug|Any CPU
		{714CABF2-9BCF-4114-9014-D0083D79D165}.Debug|x64.Build.0 = Debug|Any CPU
		{714CABF2-9BCF-4114-9014-D0083D79D165}.Debug|x86.ActiveCfg = Debug|Any CPU
		{714CABF2-9BCF-4114-9014-D0083D79D165}.Debug|x86.Build.0 = Debug|Any CPU
		{714CABF2-9BCF-4114-9014-D0083D79D165}.Release|Any CPU.ActiveCfg = Release|Any CPU
		{714CABF2-9BCF-4114-9014-D0083D79D165}.Release|Any CPU.Build.0 = Release|Any CPU
		{714CABF2-9BCF-4114-9014-D0083D79D165}.Release|x64.ActiveCfg = Release|Any CPU
		{714CABF2-9BCF-4114-9014-D0083D79D165}.Release|x64.Build.0 = Release|Any CPU
		{714CABF2-9BCF-4114-9014-D0083D79D165}.Release|x86.ActiveCfg = Release|Any CPU
		{714CABF2-9BCF-4114-9014-D0083D79D165}.Release|x86.Build.0 = Release|Any CPU
		{05E7AD95-C99A-4463-BF37-14684402B119}.Debug|Any CPU.ActiveCfg = Debug|Any CPU
		{05E7AD95-C99A-4463-BF37-14684402B119}.Debug|Any CPU.Build.0 = Debug|Any CPU
		{05E7AD95-C99A-4463-BF37-14684402B119}.Debug|x64.ActiveCfg = Debug|Any CPU
		{05E7AD95-C99A-4463-BF37-14684402B119}.Debug|x64.Build.0 = Debug|Any CPU
		{05E7AD95-C99A-4463-BF37-14684402B119}.Debug|x86.ActiveCfg = Debug|Any CPU
		{05E7AD95-C99A-4463-BF37-14684402B119}.Debug|x86.Build.0 = Debug|Any CPU
		{05E7AD95-C99A-4463-BF37-14684402B119}.Release|Any CPU.ActiveCfg = Release|Any CPU
		{05E7AD95-C99A-4463-BF37-14684402B119}.Release|Any CPU.Build.0 = Release|Any CPU
		{05E7AD95-C99A-4463-BF37-14684402B119}.Release|x64.ActiveCfg = Release|Any CPU
		{05E7AD95-C99A-4463-BF37-14684402B119}.Release|x64.Build.0 = Release|Any CPU
		{05E7AD95-C99A-4463-BF37-14684402B119}.Release|x86.ActiveCfg = Release|Any CPU
		{05E7AD95-C99A-4463-BF37-14684402B119}.Release|x86.Build.0 = Release|Any CPU
	EndGlobalSection
	GlobalSection(SolutionProperties) = preSolution
		HideSolutionNode = FALSE
	EndGlobalSection
	GlobalSection(NestedProjects) = preSolution
		{B2C3D4E5-F6A7-8901-BCDE-F12345678901} = {A1B2C3D4-E5F6-7890-ABCD-EF1234567890}
		{F6A7B8C9-D0E1-2345-F012-456789012345} = {E5F6A7B8-C9D0-1234-EF01-345678901234}
		{A7B8C9D0-E1F2-3456-0123-567890123456} = {F6A7B8C9-D0E1-2345-F012-456789012345}
		{8D94EAB0-B29F-0D17-6542-F7891F03D8A7} = {B2C3D4E5-F6A7-8901-BCDE-F12345678901}
		{D79F4FCA-6C75-4F8A-B333-6DC57449A306} = {8D94EAB0-B29F-0D17-6542-F7891F03D8A7}
		{768069A0-C051-BE4D-D7F3-B11082FF3F4D} = {B2C3D4E5-F6A7-8901-BCDE-F12345678901}
		{6C6C1D51-6DD5-E19C-BB43-DB8B7B814912} = {A7B8C9D0-E1F2-3456-0123-567890123456}
		{CB634331-B712-4DD7-9F6B-9B8E3C36D8A1} = {6C6C1D51-6DD5-E19C-BB43-DB8B7B814912}
		{40075D11-D467-1B1F-F04D-18D4F1607D2C} = {B2C3D4E5-F6A7-8901-BCDE-F12345678901}
		{56C03E1E-D0AC-46AC-A463-109EC02B164D} = {768069A0-C051-BE4D-D7F3-B11082FF3F4D}
		{E3083373-1D1D-40C9-9A0F-E1175F498209} = {40075D11-D467-1B1F-F04D-18D4F1607D2C}
		{0FF0712A-80BD-09A3-F381-4645439D012E} = {A7B8C9D0-E1F2-3456-0123-567890123456}
		{1D0137EE-A425-44B1-B48B-31FD07C83C31} = {0FF0712A-80BD-09A3-F381-4645439D012E}
		{BDE2E574-0ABC-C178-DC5A-C61AEC3EABB8} = {B2C3D4E5-F6A7-8901-BCDE-F12345678901}
		{388DFBC9-2D22-41AB-A0B1-7069C48B0A0E} = {BDE2E574-0ABC-C178-DC5A-C61AEC3EABB8}
		{0498085C-1BD8-7756-F3FE-22FF612116A4} = {A7B8C9D0-E1F2-3456-0123-567890123456}
		{2A50D9DE-69D1-4212-BC1E-BCC9FE2DC181} = {0498085C-1BD8-7756-F3FE-22FF612116A4}
		{95DDA01E-D4D9-390E-EA9D-42C064AA719B} = {B2C3D4E5-F6A7-8901-BCDE-F12345678901}
		{35BD9A26-A3C8-4C9C-A84B-0E05E23CE511} = {95DDA01E-D4D9-390E-EA9D-42C064AA719B}
		{7B95A843-8E7A-3480-BC63-40E540E5C56A} = {B2C3D4E5-F6A7-8901-BCDE-F12345678901}
		{F3EB236C-6D19-4679-9982-8474A5B8A203} = {7B95A843-8E7A-3480-BC63-40E540E5C56A}
		{09A7DD93-D32D-BA91-9DCB-C6D6A844F7C6} = {B2C3D4E5-F6A7-8901-BCDE-F12345678901}
		{66A03281-FA89-4611-B4EF-A6C3E5255FF4} = {09A7DD93-D32D-BA91-9DCB-C6D6A844F7C6}
		{7F1DECEA-B377-A3FB-D929-6FFDC694A17B} = {B2C3D4E5-F6A7-8901-BCDE-F12345678901}
		{BA4E323B-5E40-4200-A895-C39D1638F250} = {7F1DECEA-B377-A3FB-D929-6FFDC694A17B}
		{3B2EFD55-FDE4-1541-D54B-5D80072BA8A2} = {B2C3D4E5-F6A7-8901-BCDE-F12345678901}
		{46D7BDC4-01B6-4964-8338-D823F7888CF2} = {3B2EFD55-FDE4-1541-D54B-5D80072BA8A2}
		{4169D6F2-4BF7-475F-D43C-58AE098936FE} = {A7B8C9D0-E1F2-3456-0123-567890123456}
		{1CFC2436-3DEA-4A8D-89D6-A23127450EDC} = {4169D6F2-4BF7-475F-D43C-58AE098936FE}
		{0078E1F6-F921-2E12-AA0E-1CE45F230FD2} = {A7B8C9D0-E1F2-3456-0123-567890123456}
		{BF76197F-E5AA-4D93-9618-8D85029C5EAF} = {0078E1F6-F921-2E12-AA0E-1CE45F230FD2}
		{D8FA9A7E-3E2F-B286-1B5C-0D02D83B1D72} = {A7B8C9D0-E1F2-3456-0123-567890123456}
		{962480E8-4F16-4271-B344-3AFB0CDC1A9D} = {D8FA9A7E-3E2F-B286-1B5C-0D02D83B1D72}
		{53C307F2-7D22-15AB-EFAC-2FB3D20D2B23} = {A7B8C9D0-E1F2-3456-0123-567890123456}
		{591D22CF-B530-4260-8237-3BCFABD94BD5} = {53C307F2-7D22-15AB-EFAC-2FB3D20D2B23}
		{DF825528-3C29-8C79-C5E5-56F0A99AEF59} = {A7B8C9D0-E1F2-3456-0123-567890123456}
		{6C7D8B22-1B4E-4C59-B0D6-DB0B3C547516} = {DF825528-3C29-8C79-C5E5-56F0A99AEF59}
		{1E9763A7-D200-66D3-7DE0-D604C99B8A0F} = {B2C3D4E5-F6A7-8901-BCDE-F12345678901}
		{5AED8C0A-56B9-49DF-98A8-6C7F2F2EE270} = {1E9763A7-D200-66D3-7DE0-D604C99B8A0F}
		{8AAD5688-74DA-CCBE-4947-823AD4DC4BF5} = {A7B8C9D0-E1F2-3456-0123-567890123456}
		{301F7D49-9848-47CA-ABBA-9A737D37E243} = {8AAD5688-74DA-CCBE-4947-823AD4DC4BF5}
		{ECD95A43-C9BE-77D4-424E-0507ED99E066} = {B2C3D4E5-F6A7-8901-BCDE-F12345678901}
		{F1FD33DF-5EA0-4BBB-85DE-5878053A0859} = {ECD95A43-C9BE-77D4-424E-0507ED99E066}
		{350112AD-B785-303F-467A-064455742E29} = {A7B8C9D0-E1F2-3456-0123-567890123456}
		{29DF8DC5-1816-4A0D-9001-764CAA4E7D92} = {350112AD-B785-303F-467A-064455742E29}
		{5F45E354-9C97-8F45-69DE-44EA42241164} = {B2C3D4E5-F6A7-8901-BCDE-F12345678901}
		{868E2DE4-8F44-4FDA-9B3F-575F241F5A6D} = {5F45E354-9C97-8F45-69DE-44EA42241164}
		{74810A77-650A-F62C-0D44-1543F40AB9A1} = {A7B8C9D0-E1F2-3456-0123-567890123456}
		{54CD9018-10A3-418C-BEFD-B8921949D11D} = {74810A77-650A-F62C-0D44-1543F40AB9A1}
		{2B0C0EB5-6966-D40B-34A7-1AA5AB90FFC9} = {B2C3D4E5-F6A7-8901-BCDE-F12345678901}
		{714CABF2-9BCF-4114-9014-D0083D79D165} = {2B0C0EB5-6966-D40B-34A7-1AA5AB90FFC9}
		{5D8CA47B-E09A-2C70-7701-1DFA746E0656} = {A7B8C9D0-E1F2-3456-0123-567890123456}
		{05E7AD95-C99A-4463-BF37-14684402B119} = {5D8CA47B-E09A-2C70-7701-1DFA746E0656}
	EndGlobalSection
EndGlobal
